// !$*UTF8*$!
{
	archiveVersion = 1;
	classes = {
	};
	objectVersion = 50;
	objects = {

/* Begin PBXBuildFile section */
		8C1B5B0326121E8F0063B30A /* ListView.swift in Sources */ = {isa = PBXBuildFile; fileRef = 8C1B5B0226121E8F0063B30A /* ListView.swift */; };
		8CCD8C6E260DEE8800C846D6 /* Challenge6App.swift in Sources */ = {isa = PBXBuildFile; fileRef = 8CCD8C6D260DEE8800C846D6 /* Challenge6App.swift */; };
		8CCD8C70260DEE8800C846D6 /* ContentView.swift in Sources */ = {isa = PBXBuildFile; fileRef = 8CCD8C6F260DEE8800C846D6 /* ContentView.swift */; };
		8CCD8C72260DEE8E00C846D6 /* Assets.xcassets in Resources */ = {isa = PBXBuildFile; fileRef = 8CCD8C71260DEE8E00C846D6 /* Assets.xcassets */; };
		8CCD8C75260DEE8E00C846D6 /* Preview Assets.xcassets in Resources */ = {isa = PBXBuildFile; fileRef = 8CCD8C74260DEE8E00C846D6 /* Preview Assets.xcassets */; };
		8CCD8C7F260DF38D00C846D6 /* data.json in Resources */ = {isa = PBXBuildFile; fileRef = 8CCD8C7E260DF38D00C846D6 /* data.json */; };
		8CCD8C88260DF76500C846D6 /* ServiceData.swift in Sources */ = {isa = PBXBuildFile; fileRef = 8CCD8C87260DF76500C846D6 /* ServiceData.swift */; };
		8CCD8C8F2611CCBB00C846D6 /* ToggleView.swift in Sources */ = {isa = PBXBuildFile; fileRef = 8CCD8C8E2611CCBB00C846D6 /* ToggleView.swift */; };
		8CCD8C922611CCDC00C846D6 /* Person.swift in Sources */ = {isa = PBXBuildFile; fileRef = 8CCD8C912611CCDC00C846D6 /* Person.swift */; };
		8CCD8C952611D45F00C846D6 /* PersonModel.swift in Sources */ = {isa = PBXBuildFile; fileRef = 8CCD8C942611D45F00C846D6 /* PersonModel.swift */; };
/* End PBXBuildFile section */

/* Begin PBXFileReference section */
		8C1B5B0226121E8F0063B30A /* ListView.swift */ = {isa = PBXFileReference; lastKnownFileType = sourcecode.swift; path = ListView.swift; sourceTree = "<group>"; };
		8CCD8C6A260DEE8800C846D6 /* Challenge6.app */ = {isa = PBXFileReference; explicitFileType = wrapper.application; includeInIndex = 0; path = Challenge6.app; sourceTree = BUILT_PRODUCTS_DIR; };
		8CCD8C6D260DEE8800C846D6 /* Challenge6App.swift */ = {isa = PBXFileReference; lastKnownFileType = sourcecode.swift; path = Challenge6App.swift; sourceTree = "<group>"; };
		8CCD8C6F260DEE8800C846D6 /* ContentView.swift */ = {isa = PBXFileReference; lastKnownFileType = sourcecode.swift; path = ContentView.swift; sourceTree = "<group>"; };
		8CCD8C71260DEE8E00C846D6 /* Assets.xcassets */ = {isa = PBXFileReference; lastKnownFileType = folder.assetcatalog; path = Assets.xcassets; sourceTree = "<group>"; };
		8CCD8C74260DEE8E00C846D6 /* Preview Assets.xcassets */ = {isa = PBXFileReference; lastKnownFileType = folder.assetcatalog; path = "Preview Assets.xcassets"; sourceTree = "<group>"; };
		8CCD8C76260DEE8E00C846D6 /* Info.plist */ = {isa = PBXFileReference; lastKnownFileType = text.plist.xml; path = Info.plist; sourceTree = "<group>"; };
		8CCD8C7E260DF38D00C846D6 /* data.json */ = {isa = PBXFileReference; lastKnownFileType = text.json; path = data.json; sourceTree = "<group>"; };
		8CCD8C87260DF76500C846D6 /* ServiceData.swift */ = {isa = PBXFileReference; lastKnownFileType = sourcecode.swift; path = ServiceData.swift; sourceTree = "<group>"; };
		8CCD8C8E2611CCBB00C846D6 /* ToggleView.swift */ = {isa = PBXFileReference; lastKnownFileType = sourcecode.swift; path = ToggleView.swift; sourceTree = "<group>"; };
		8CCD8C912611CCDC00C846D6 /* Person.swift */ = {isa = PBXFileReference; lastKnownFileType = sourcecode.swift; path = Person.swift; sourceTree = "<group>"; };
		8CCD8C942611D45F00C846D6 /* PersonModel.swift */ = {isa = PBXFileReference; lastKnownFileType = sourcecode.swift; path = PersonModel.swift; sourceTree = "<group>"; };
/* End PBXFileReference section */

/* Begin PBXFrameworksBuildPhase section */
		8CCD8C67260DEE8800C846D6 /* Frameworks */ = {
			isa = PBXFrameworksBuildPhase;
			buildActionMask = 2147483647;
			files = (
			);
			runOnlyForDeploymentPostprocessing = 0;
		};
/* End PBXFrameworksBuildPhase section */

/* Begin PBXGroup section */
		8CCD8C61260DEE8700C846D6 = {
			isa = PBXGroup;
			children = (
				8CCD8C6C260DEE8800C846D6 /* Challenge6 */,
				8CCD8C6B260DEE8800C846D6 /* Products */,
			);
			sourceTree = "<group>";
		};
		8CCD8C6B260DEE8800C846D6 /* Products */ = {
			isa = PBXGroup;
			children = (
				8CCD8C6A260DEE8800C846D6 /* Challenge6.app */,
			);
			name = Products;
			sourceTree = "<group>";
		};
		8CCD8C6C260DEE8800C846D6 /* Challenge6 */ = {
			isa = PBXGroup;
			children = (
				8CCD8C6D260DEE8800C846D6 /* Challenge6App.swift */,
				8CCD8C83260DF6BE00C846D6 /* Views */,
				8CCD8C84260DF6C500C846D6 /* ViewModel */,
				8CCD8C82260DF6B600C846D6 /* Model */,
				8CCD8C71260DEE8E00C846D6 /* Assets.xcassets */,
				8CCD8C76260DEE8E00C846D6 /* Info.plist */,
				8CCD8C86260DF74A00C846D6 /* ServiceData */,
				8CCD8C7D260DF36F00C846D6 /* Data */,
				8CCD8C73260DEE8E00C846D6 /* Preview Content */,
			);
			path = Challenge6;
			sourceTree = "<group>";
		};
		8CCD8C73260DEE8E00C846D6 /* Preview Content */ = {
			isa = PBXGroup;
			children = (
				8CCD8C74260DEE8E00C846D6 /* Preview Assets.xcassets */,
			);
			path = "Preview Content";
			sourceTree = "<group>";
		};
		8CCD8C7D260DF36F00C846D6 /* Data */ = {
			isa = PBXGroup;
			children = (
				8CCD8C7E260DF38D00C846D6 /* data.json */,
			);
			path = Data;
			sourceTree = "<group>";
		};
		8CCD8C82260DF6B600C846D6 /* Model */ = {
			isa = PBXGroup;
			children = (
				8CCD8C912611CCDC00C846D6 /* Person.swift */,
			);
			path = Model;
			sourceTree = "<group>";
		};
		8CCD8C83260DF6BE00C846D6 /* Views */ = {
			isa = PBXGroup;
			children = (
				8CCD8C6F260DEE8800C846D6 /* ContentView.swift */,
				8C1B5B0226121E8F0063B30A /* ListView.swift */,
				8CCD8C8E2611CCBB00C846D6 /* ToggleView.swift */,
			);
			path = Views;
			sourceTree = "<group>";
		};
		8CCD8C84260DF6C500C846D6 /* ViewModel */ = {
			isa = PBXGroup;
			children = (
				8CCD8C942611D45F00C846D6 /* PersonModel.swift */,
			);
			path = ViewModel;
			sourceTree = "<group>";
		};
		8CCD8C86260DF74A00C846D6 /* ServiceData */ = {
			isa = PBXGroup;
			children = (
				8CCD8C87260DF76500C846D6 /* ServiceData.swift */,
			);
			path = ServiceData;
			sourceTree = "<group>";
		};
/* End PBXGroup section */

/* Begin PBXNativeTarget section */
		8CCD8C69260DEE8800C846D6 /* Challenge6 */ = {
			isa = PBXNativeTarget;
			buildConfigurationList = 8CCD8C79260DEE8E00C846D6 /* Build configuration list for PBXNativeTarget "Challenge6" */;
			buildPhases = (
				8CCD8C66260DEE8800C846D6 /* Sources */,
				8CCD8C67260DEE8800C846D6 /* Frameworks */,
				8CCD8C68260DEE8800C846D6 /* Resources */,
			);
			buildRules = (
			);
			dependencies = (
			);
			name = Challenge6;
			productName = Challenge6;
			productReference = 8CCD8C6A260DEE8800C846D6 /* Challenge6.app */;
			productType = "com.apple.product-type.application";
		};
/* End PBXNativeTarget section */

/* Begin PBXProject section */
		8CCD8C62260DEE8700C846D6 /* Project object */ = {
			isa = PBXProject;
			attributes = {
				LastSwiftUpdateCheck = 1240;
				LastUpgradeCheck = 1240;
				TargetAttributes = {
					8CCD8C69260DEE8800C846D6 = {
						CreatedOnToolsVersion = 12.4;
					};
				};
			};
			buildConfigurationList = 8CCD8C65260DEE8700C846D6 /* Build configuration list for PBXProject "Challenge6" */;
			compatibilityVersion = "Xcode 9.3";
			developmentRegion = en;
			hasScannedForEncodings = 0;
			knownRegions = (
				en,
				Base,
			);
			mainGroup = 8CCD8C61260DEE8700C846D6;
			productRefGroup = 8CCD8C6B260DEE8800C846D6 /* Products */;
			projectDirPath = "";
			projectRoot = "";
			targets = (
				8CCD8C69260DEE8800C846D6 /* Challenge6 */,
			);
		};
/* End PBXProject section */

/* Begin PBXResourcesBuildPhase section */
		8CCD8C68260DEE8800C846D6 /* Resources */ = {
			isa = PBXResourcesBuildPhase;
			buildActionMask = 2147483647;
			files = (
				8CCD8C75260DEE8E00C846D6 /* Preview Assets.xcassets in Resources */,
				8CCD8C72260DEE8E00C846D6 /* Assets.xcassets in Resources */,
				8CCD8C7F260DF38D00C846D6 /* data.json in Resources */,
			);
			runOnlyForDeploymentPostprocessing = 0;
		};
/* End PBXResourcesBuildPhase section */

/* Begin PBXSourcesBuildPhase section */
		8CCD8C66260DEE8800C846D6 /* Sources */ = {
			isa = PBXSourcesBuildPhase;
			buildActionMask = 2147483647;
			files = (
				8CCD8C922611CCDC00C846D6 /* Person.swift in Sources */,
				8CCD8C952611D45F00C846D6 /* PersonModel.swift in Sources */,
				8CCD8C70260DEE8800C846D6 /* ContentView.swift in Sources */,
				8C1B5B0326121E8F0063B30A /* ListView.swift in Sources */,
				8CCD8C6E260DEE8800C846D6 /* Challenge6App.swift in Sources */,
				8CCD8C8F2611CCBB00C846D6 /* ToggleView.swift in Sources */,
				8CCD8C88260DF76500C846D6 /* ServiceData.swift in Sources */,
			);
			runOnlyForDeploymentPostprocessing = 0;
		};
/* End PBXSourcesBuildPhase section */

/* Begin XCBuildConfiguration section */
		8CCD8C77260DEE8E00C846D6 /* Debug */ = {
			isa = XCBuildConfiguration;
			buildSettings = {
				ALWAYS_SEARCH_USER_PATHS = NO;
				CLANG_ANALYZER_NONNULL = YES;
				CLANG_ANALYZER_NUMBER_OBJECT_CONVERSION = YES_AGGRESSIVE;
				CLANG_CXX_LANGUAGE_STANDARD = "gnu++14";
				CLANG_CXX_LIBRARY = "libc++";
				CLANG_ENABLE_MODULES = YES;
				CLANG_ENABLE_OBJC_ARC = YES;
				CLANG_ENABLE_OBJC_WEAK = YES;
				CLANG_WARN_BLOCK_CAPTURE_AUTORELEASING = YES;
				CLANG_WARN_BOOL_CONVERSION = YES;
				CLANG_WARN_COMMA = YES;
				CLANG_WARN_CONSTANT_CONVERSION = YES;
				CLANG_WARN_DEPRECATED_OBJC_IMPLEMENTATIONS = YES;
				CLANG_WARN_DIRECT_OBJC_ISA_USAGE = YES_ERROR;
				CLANG_WARN_DOCUMENTATION_COMMENTS = YES;
				CLANG_WARN_EMPTY_BODY = YES;
				CLANG_WARN_ENUM_CONVERSION = YES;
				CLANG_WARN_INFINITE_RECURSION = YES;
				CLANG_WARN_INT_CONVERSION = YES;
				CLANG_WARN_NON_LITERAL_NULL_CONVERSION = YES;
				CLANG_WARN_OBJC_IMPLICIT_RETAIN_SELF = YES;
				CLANG_WARN_OBJC_LITERAL_CONVERSION = YES;
				CLANG_WARN_OBJC_ROOT_CLASS = YES_ERROR;
				CLANG_WARN_QUOTED_INCLUDE_IN_FRAMEWORK_HEADER = YES;
				CLANG_WARN_RANGE_LOOP_ANALYSIS = YES;
				CLANG_WARN_STRICT_PROTOTYPES = YES;
				CLANG_WARN_SUSPICIOUS_MOVE = YES;
				CLANG_WARN_UNGUARDED_AVAILABILITY = YES_AGGRESSIVE;
				CLANG_WARN_UNREACHABLE_CODE = YES;
				CLANG_WARN__DUPLICATE_METHOD_MATCH = YES;
				COPY_PHASE_STRIP = NO;
				DEBUG_INFORMATION_FORMAT = dwarf;
				ENABLE_STRICT_OBJC_MSGSEND = YES;
				ENABLE_TESTABILITY = YES;
				GCC_C_LANGUAGE_STANDARD = gnu11;
				GCC_DYNAMIC_NO_PIC = NO;
				GCC_NO_COMMON_BLOCKS = YES;
				GCC_OPTIMIZATION_LEVEL = 0;
				GCC_PREPROCESSOR_DEFINITIONS = (
					"DEBUG=1",
					"$(inherited)",
				);
				GCC_WARN_64_TO_32_BIT_CONVERSION = YES;
				GCC_WARN_ABOUT_RETURN_TYPE = YES_ERROR;
				GCC_WARN_UNDECLARED_SELECTOR = YES;
				GCC_WARN_UNINITIALIZED_AUTOS = YES_AGGRESSIVE;
				GCC_WARN_UNUSED_FUNCTION = YES;
				GCC_WARN_UNUSED_VARIABLE = YES;
				IPHONEOS_DEPLOYMENT_TARGET = 14.4;
				MTL_ENABLE_DEBUG_INFO = INCLUDE_SOURCE;
				MTL_FAST_MATH = YES;
				ONLY_ACTIVE_ARCH = YES;
				SDKROOT = iphoneos;
				SWIFT_ACTIVE_COMPILATION_CONDITIONS = DEBUG;
				SWIFT_OPTIMIZATION_LEVEL = "-Onone";
			};
			name = Debug;
		};
		8CCD8C78260DEE8E00C846D6 /* Release */ = {
			isa = XCBuildConfiguration;
			buildSettings = {
				ALWAYS_SEARCH_USER_PATHS = NO;
				CLANG_ANALYZER_NONNULL = YES;
				CLANG_ANALYZER_NUMBER_OBJECT_CONVERSION = YES_AGGRESSIVE;
				CLANG_CXX_LANGUAGE_STANDARD = "gnu++14";
				CLANG_CXX_LIBRARY = "libc++";
				CLANG_ENABLE_MODULES = YES;
				CLANG_ENABLE_OBJC_ARC = YES;
				CLANG_ENABLE_OBJC_WEAK = YES;
				CLANG_WARN_BLOCK_CAPTURE_AUTORELEASING = YES;
				CLANG_WARN_BOOL_CONVERSION = YES;
				CLANG_WARN_COMMA = YES;
				CLANG_WARN_CONSTANT_CONVERSION = YES;
				CLANG_WARN_DEPRECATED_OBJC_IMPLEMENTATIONS = YES;
				CLANG_WARN_DIRECT_OBJC_ISA_USAGE = YES_ERROR;
				CLANG_WARN_DOCUMENTATION_COMMENTS = YES;
				CLANG_WARN_EMPTY_BODY = YES;
				CLANG_WARN_ENUM_CONVERSION = YES;
				CLANG_WARN_INFINITE_RECURSION = YES;
				CLANG_WARN_INT_CONVERSION = YES;
				CLANG_WARN_NON_LITERAL_NULL_CONVERSION = YES;
				CLANG_WARN_OBJC_IMPLICIT_RETAIN_SELF = YES;
				CLANG_WARN_OBJC_LITERAL_CONVERSION = YES;
				CLANG_WARN_OBJC_ROOT_CLASS = YES_ERROR;
				CLANG_WARN_QUOTED_INCLUDE_IN_FRAMEWORK_HEADER = YES;
				CLANG_WARN_RANGE_LOOP_ANALYSIS = YES;
				CLANG_WARN_STRICT_PROTOTYPES = YES;
				CLANG_WARN_SUSPICIOUS_MOVE = YES;
				CLANG_WARN_UNGUARDED_AVAILABILITY = YES_AGGRESSIVE;
				CLANG_WARN_UNREACHABLE_CODE = YES;
				CLANG_WARN__DUPLICATE_METHOD_MATCH = YES;
				COPY_PHASE_STRIP = NO;
				DEBUG_INFORMATION_FORMAT = "dwarf-with-dsym";
				ENABLE_NS_ASSERTIONS = NO;
				ENABLE_STRICT_OBJC_MSGSEND = YES;
				GCC_C_LANGUAGE_STANDARD = gnu11;
				GCC_NO_COMMON_BLOCKS = YES;
				GCC_WARN_64_TO_32_BIT_CONVERSION = YES;
				GCC_WARN_ABOUT_RETURN_TYPE = YES_ERROR;
				GCC_WARN_UNDECLARED_SELECTOR = YES;
				GCC_WARN_UNINITIALIZED_AUTOS = YES_AGGRESSIVE;
				GCC_WARN_UNUSED_FUNCTION = YES;
				GCC_WARN_UNUSED_VARIABLE = YES;
				IPHONEOS_DEPLOYMENT_TARGET = 14.4;
				MTL_ENABLE_DEBUG_INFO = NO;
				MTL_FAST_MATH = YES;
				SDKROOT = iphoneos;
				SWIFT_COMPILATION_MODE = wholemodule;
				SWIFT_OPTIMIZATION_LEVEL = "-O";
				VALIDATE_PRODUCT = YES;
			};
			name = Release;
		};
		8CCD8C7A260DEE8E00C846D6 /* Debug */ = {
			isa = XCBuildConfiguration;
			buildSettings = {
				ASSETCATALOG_COMPILER_APPICON_NAME = AppIcon;
				ASSETCATALOG_COMPILER_GLOBAL_ACCENT_COLOR_NAME = AccentColor;
				CODE_SIGN_STYLE = Automatic;
				DEVELOPMENT_ASSET_PATHS = "\"Challenge6/Preview Content\"";
				DEVELOPMENT_TEAM = R9TDAFW26B;
				ENABLE_PREVIEWS = YES;
				INFOPLIST_FILE = Challenge6/Info.plist;
				IPHONEOS_DEPLOYMENT_TARGET = 14.0;
				LD_RUNPATH_SEARCH_PATHS = (
					"$(inherited)",
					"@executable_path/Frameworks",
				);
				PRODUCT_BUNDLE_IDENTIFIER = Roxana.Challenge6;
				PRODUCT_NAME = "$(TARGET_NAME)";
				SWIFT_VERSION = 5.0;
				TARGETED_DEVICE_FAMILY = "1,2";
			};
			name = Debug;
		};
		8CCD8C7B260DEE8E00C846D6 /* Release */ = {
			isa = XCBuildConfiguration;
			buildSettings = {
				ASSETCATALOG_COMPILER_APPICON_NAME = AppIcon;
				ASSETCATALOG_COMPILER_GLOBAL_ACCENT_COLOR_NAME = AccentColor;
				CODE_SIGN_STYLE = Automatic;
				DEVELOPMENT_ASSET_PATHS = "\"Challenge6/Preview Content\"";
				DEVELOPMENT_TEAM = R9TDAFW26B;
				ENABLE_PREVIEWS = YES;
				INFOPLIST_FILE = Challenge6/Info.plist;
				IPHONEOS_DEPLOYMENT_TARGET = 14.0;
				LD_RUNPATH_SEARCH_PATHS = (
					"$(inherited)",
					"@executable_path/Frameworks",
				);
				PRODUCT_BUNDLE_IDENTIFIER = Roxana.Challenge6;
				PRODUCT_NAME = "$(TARGET_NAME)";
				SWIFT_VERSION = 5.0;
				TARGETED_DEVICE_FAMILY = "1,2";
			};
			name = Release;
		};
/* End XCBuildConfiguration section */

/* Begin XCConfigurationList section */
		8CCD8C65260DEE8700C846D6 /* Build configuration list for PBXProject "Challenge6" */ = {
			isa = XCConfigurationList;
			buildConfigurations = (
				8CCD8C77260DEE8E00C846D6 /* Debug */,
				8CCD8C78260DEE8E00C846D6 /* Release */,
			);
			defaultConfigurationIsVisible = 0;
			defaultConfigurationName = Release;
		};
		8CCD8C79260DEE8E00C846D6 /* Build configuration list for PBXNativeTarget "Challenge6" */ = {
			isa = XCConfigurationList;
			buildConfigurations = (
				8CCD8C7A260DEE8E00C846D6 /* Debug */,
				8CCD8C7B260DEE8E00C846D6 /* Release */,
			);
			defaultConfigurationIsVisible = 0;
			defaultConfigurationName = Release;
		};
/* End XCConfigurationList section */
	};
	rootObject = 8CCD8C62260DEE8700C846D6 /* Project object */;
}
